<?xml version="1.0" encoding="utf-8"?>
<Project ToolsVersion="4.0" xmlns="http://schemas.microsoft.com/developer/msbuild/2003">
  <ItemGroup>
    <Filter Include="Shader">
      <UniqueIdentifier>{f79718cc-7dfd-4f6a-ac99-f0a24ace6ebc}</UniqueIdentifier>
    </Filter>
    <Filter Include="Resoures">
      <UniqueIdentifier>{67DA6AB6-F800-4c08-8B7A-83BB121AAD01}</UniqueIdentifier>
      <Extensions>rc;ico;cur;bmp;dlg;rc2;rct;bin;rgs;gif;jpg;jpeg;jpe;resx;tiff;tif;png;wav;mfcribbon-ms</Extensions>
    </Filter>
    <Filter Include="Src">
      <UniqueIdentifier>{b950ff49-8023-4e9c-9ba9-68e5e96c89cd}</UniqueIdentifier>
    </Filter>
    <Filter Include="Common">
      <UniqueIdentifier>{62ae77b0-cca9-4071-9edb-6f8caf40692e}</UniqueIdentifier>
    </Filter>
  </ItemGroup>
  <ItemGroup>
    <ClCompile Include="..\..\Test\Common\DXSample.cpp">
      <Filter>Common</Filter>
    </ClCompile>
    <ClCompile Include="..\..\Test\Common\Main.cpp">
      <Filter>Common</Filter>
    </ClCompile>
    <ClCompile Include="..\..\Test\Common\Win32Application.cpp">
      <Filter>Common</Filter>
    </ClCompile>
    <ClCompile Include="..\..\Test\TextureManager.cpp">
      <Filter>Src</Filter>
    </ClCompile>
    <ClCompile Include="..\..\Test\Texture.cpp">
      <Filter>Src</Filter>
    </ClCompile>
    <ClCompile Include="..\..\Test\D3D12HelloTriangle.cpp">
      <Filter>Src</Filter>
    </ClCompile>
    <ClCompile Include="..\..\Test\D3D12HelloTexture.cpp">
      <Filter>Src</Filter>
    </ClCompile>
  </ItemGroup>
  <ItemGroup>
    <ClInclude Include="..\..\Test\Common\d3dx12.h">
      <Filter>Common</Filter>
    </ClInclude>
    <ClInclude Include="..\..\Test\Common\DXSample.h">
      <Filter>Common</Filter>
    </ClInclude>
    <ClInclude Include="..\..\Test\Common\DXSampleHelper.h">
      <Filter>Common</Filter>
    </ClInclude>
    <ClInclude Include="..\..\Test\Common\Win32Application.h">
      <Filter>Common</Filter>
    </ClInclude>
    <ClInclude Include="..\..\Test\TextureManager.h">
      <Filter>Src</Filter>
    </ClInclude>
    <ClInclude Include="..\..\Test\Texture.h">
      <Filter>Src</Filter>
    </ClInclude>
    <ClInclude Include="..\..\Test\D3D12HelloTexture.h">
      <Filter>Src</Filter>
    </ClInclude>
    <ClInclude Include="..\..\Test\D3D12HelloTriangle.h">
      <Filter>Src</Filter>
    </ClInclude>
  </ItemGroup>
  <ItemGroup>
    <CopyFileToFolders Include="..\..\Test\Shader\shaders.hlsl">
      <Filter>Shader</Filter>
    </CopyFileToFolders>
  </ItemGroup>
</Project>