<?xml version="1.0" encoding="utf-8"?>
<Project ToolsVersion="4.0" xmlns="http://schemas.microsoft.com/developer/msbuild/2003">
  <ItemGroup>
    <Filter Include="Scripts">
      <UniqueIdentifier>{4FC737F1-C7A5-4376-A066-2A32D752A2FF}</UniqueIdentifier>
      <Extensions>cpp;c;cc;cxx;def;odl;idl;hpj;bat;asm;asmx</Extensions>
    </Filter>
    <Filter Include="Scripts\Utils">
      <UniqueIdentifier>{b5d85991-ecbf-435d-a35f-52a33e6287b9}</UniqueIdentifier>
    </Filter>
    <Filter Include="Resources">
      <UniqueIdentifier>{67DA6AB6-F800-4c08-8B7A-83BB121AAD01}</UniqueIdentifier>
      <Extensions>rc;ico;cur;bmp;dlg;rc2;rct;bin;rgs;gif;jpg;jpeg;jpe;resx;tiff;tif;png;wav;mfcribbon-ms</Extensions>
    </Filter>
    <Filter Include="Scripts\DX12">
      <UniqueIdentifier>{b2e7b789-3674-4c3f-bcfd-6fd819c1175e}</UniqueIdentifier>
    </Filter>
    <Filter Include="Scripts\HLSL">
      <UniqueIdentifier>{5c940f06-d4d8-4c8d-b7fa-ac36f6205c91}</UniqueIdentifier>
    </Filter>
  </ItemGroup>
  <ItemGroup>
    <ClInclude Include="Triangle.h">
      <Filter>Scripts\DX12</Filter>
    </ClInclude>
    <ClInclude Include="Resource.h">
      <Filter>Scripts</Filter>
    </ClInclude>
    <ClInclude Include="stdafx.h">
      <Filter>Scripts</Filter>
    </ClInclude>
    <ClInclude Include="targetver.h">
      <Filter>Scripts</Filter>
    </ClInclude>
    <ClInclude Include="d3dx12.h">
      <Filter>Scripts\Utils</Filter>
    </ClInclude>
    <ClInclude Include="DXSampleHelper.h">
      <Filter>Scripts\Utils</Filter>
    </ClInclude>
    <ClInclude Include="Win32Application.h">
      <Filter>Scripts</Filter>
    </ClInclude>
  </ItemGroup>
  <ItemGroup>
    <ClCompile Include="stdafx.cpp">
      <Filter>Scripts</Filter>
    </ClCompile>
    <ClCompile Include="Triangle.cpp">
      <Filter>Scripts\DX12</Filter>
    </ClCompile>
    <ClCompile Include="Win32Application.cpp">
      <Filter>Scripts</Filter>
    </ClCompile>
    <ClCompile Include="Main.cpp">
      <Filter>Scripts</Filter>
    </ClCompile>
  </ItemGroup>
  <ItemGroup>
    <ResourceCompile Include="Sample_Triangle.rc">
      <Filter>Resources</Filter>
    </ResourceCompile>
  </ItemGroup>
  <ItemGroup>
    <Image Include="small.ico">
      <Filter>Resources</Filter>
    </Image>
    <Image Include="Sample_Triangle.ico">
      <Filter>Resources</Filter>
    </Image>
  </ItemGroup>
</Project>